{
  "version": 4,
  "terraform_version": "1.3.0",
  "serial": 39,
  "lineage": "3f598431-64df-1ac6-cbb1-67cd577095f5",
  "outputs": {},
  "resources": [
    {
      "module": "module.autoscaling-group",
      "mode": "managed",
      "type": "aws_autoscaling_group",
      "name": "tf-asg-1",
      "provider": "provider[\"registry.terraform.io/hashicorp/aws\"]",
      "instances": [
        {
          "schema_version": 1,
          "attributes": {
            "arn": "arn:aws:autoscaling:eu-central-1:921505847988:autoScalingGroup:ba48eefa-ea53-4bf9-b54c-f2c1928ef37c:autoScalingGroupName/terraform-20240429110459255800000003",
            "availability_zones": [
              "eu-central-1a",
              "eu-central-1b"
            ],
            "capacity_rebalance": false,
            "context": "",
            "default_cooldown": 300,
            "default_instance_warmup": 0,
            "desired_capacity": 2,
            "desired_capacity_type": "",
            "enabled_metrics": [],
            "force_delete": false,
            "force_delete_warm_pool": false,
            "health_check_grace_period": 300,
            "health_check_type": "EC2",
            "id": "terraform-20240429110459255800000003",
            "ignore_failed_scaling_activities": false,
            "initial_lifecycle_hook": [],
            "instance_maintenance_policy": [],
            "instance_refresh": [],
            "launch_configuration": "",
            "launch_template": [
              {
                "id": "lt-056b36ec8d0230f1b",
                "name": "tf-launch-template-20240429110450153200000001",
                "version": ""
              }
            ],
            "load_balancers": [],
            "max_instance_lifetime": 0,
            "max_size": 2,
            "metrics_granularity": "1Minute",
            "min_elb_capacity": null,
            "min_size": 2,
            "mixed_instances_policy": [],
            "name": "terraform-20240429110459255800000003",
            "name_prefix": "terraform-",
            "placement_group": "",
            "predicted_capacity": 0,
            "protect_from_scale_in": false,
            "service_linked_role_arn": "arn:aws:iam::921505847988:role/aws-service-role/autoscaling.amazonaws.com/AWSServiceRoleForAutoScaling",
            "suspended_processes": [],
            "tag": [],
            "target_group_arns": [
              "arn:aws:elasticloadbalancing:eu-central-1:921505847988:targetgroup/tf-target-group/a3323205003cd386"
            ],
            "termination_policies": [],
            "timeouts": null,
            "traffic_source": [],
            "vpc_zone_identifier": [
              "subnet-06aa7818365e29cb8",
              "subnet-0eb4e6cd3c61b3d5a"
            ],
            "wait_for_capacity_timeout": "10m",
            "wait_for_elb_capacity": null,
            "warm_pool": [],
            "warm_pool_size": 0
          },
          "sensitive_attributes": [],
          "private": "eyJlMmJmYjczMC1lY2FhLTExZTYtOGY4OC0zNDM2M2JjN2M0YzAiOnsiZGVsZXRlIjo2MDAwMDAwMDAwMDAsInVwZGF0ZSI6NjAwMDAwMDAwMDAwfSwic2NoZW1hX3ZlcnNpb24iOiIxIn0=",
          "dependencies": [
            "module.launch-template.aws_launch_template.tf-launch_template_1",
            "module.security-group.aws_security_group.tf-sg-web_allows_8080",
            "module.target-group.aws_alb_target_group.tf-target-group",
            "module.vpc.aws_subnet.tf-public-subnet-1",
            "module.vpc.aws_subnet.tf-public_subnet_2",
            "module.vpc.aws_vpc.tf-fourth-custom-vpc"
          ]
        }
      ]
    },
    {
      "module": "module.launch-template",
      "mode": "managed",
      "type": "aws_launch_template",
      "name": "tf-launch_template_1",
      "provider": "provider[\"registry.terraform.io/hashicorp/aws\"]",
      "instances": [
        {
          "schema_version": 0,
          "attributes": {
            "arn": "arn:aws:ec2:eu-central-1:921505847988:launch-template/lt-056b36ec8d0230f1b",
            "block_device_mappings": [],
            "capacity_reservation_specification": [],
            "cpu_options": [],
            "credit_specification": [],
            "default_version": 1,
            "description": "",
            "disable_api_stop": false,
            "disable_api_termination": false,
            "ebs_optimized": "",
            "elastic_gpu_specifications": [],
            "elastic_inference_accelerator": [],
            "enclave_options": [],
            "hibernation_options": [],
            "iam_instance_profile": [],
            "id": "lt-056b36ec8d0230f1b",
            "image_id": "ami-0f673487d7e5f89ca",
            "instance_initiated_shutdown_behavior": "",
            "instance_market_options": [],
            "instance_requirements": [],
            "instance_type": "t2.micro",
            "kernel_id": "",
            "key_name": "",
            "latest_version": 1,
            "license_specification": [],
            "maintenance_options": [],
            "metadata_options": [],
            "monitoring": [],
            "name": "tf-launch-template-20240429110450153200000001",
            "name_prefix": "tf-launch-template-",
            "network_interfaces": [],
            "placement": [],
            "private_dns_name_options": [],
            "ram_disk_id": "",
            "security_group_names": [],
            "tag_specifications": [],
            "tags": {},
            "tags_all": {},
            "update_default_version": null,
            "user_data": "IyEvYmluL2Jhc2gKIyBVcGRhdGUgdGhlIHN5c3RlbQpzdWRvIHl1bSB1cGRhdGUgLXkKIyBJbnN0YWxsIFB5dGhvbiAzCnN1ZG8geXVtIGluc3RhbGwgLXkgcHl0aG9uMwojIENyZWF0ZSBhIHNpbXBsZSBQeXRob24gd2ViIHNlcnZlciBzY3JpcHQKY2F0ID4gL2hvbWUvZWMyLXVzZXIvd2Vic2VydmVyLnB5IDw8IEVPRgppbXBvcnQgaHR0cC5zZXJ2ZXIKaW1wb3J0IHNvY2tldHNlcnZlcgoKUE9SVCA9IDgwODAKSGFuZGxlciA9IGh0dHAuc2VydmVyLlNpbXBsZUhUVFBSZXF1ZXN0SGFuZGxlcgoKY2xhc3MgQ3VzdG9tSGFuZGxlcihIYW5kbGVyKToKICAgIGRlZiBkb19HRVQoc2VsZik6CiAgICAgICAgc2VsZi5zZW5kX3Jlc3BvbnNlKDIwMCkKICAgICAgICBzZWxmLnNlbmRfaGVhZGVyKCdDb250ZW50LXR5cGUnLCAndGV4dC9odG1sJykKICAgICAgICBzZWxmLmVuZF9oZWFkZXJzKCkKICAgICAgICBzZWxmLndmaWxlLndyaXRlKGJ5dGVzKCJXZWxjb21lIHRvIE15IEN1c3RvbSBTYWFTIEFwcCIsICJ1dGY4IikpCgpodHRwZCA9IHNvY2tldHNlcnZlci5UQ1BTZXJ2ZXIoKCIiLCBQT1JUKSwgQ3VzdG9tSGFuZGxlcikKcHJpbnQoInNlcnZpbmcgYXQgcG9ydCIsIFBPUlQpCmh0dHBkLnNlcnZlX2ZvcmV2ZXIoKQpFT0YKIyBSdW4gdGhlIHdlYiBzZXJ2ZXIgaW4gdGhlIGJhY2tncm91bmQKbm9odXAgcHl0aG9uMyAvaG9tZS9lYzItdXNlci93ZWJzZXJ2ZXIucHkgPiAvZGV2L251bGwgMj4mMSAm",
            "vpc_security_group_ids": [
              "sg-01370de988c4e6e22"
            ]
          },
          "sensitive_attributes": [],
          "private": "bnVsbA==",
          "dependencies": [
            "module.security-group.aws_security_group.tf-sg-web_allows_8080",
            "module.vpc.aws_vpc.tf-fourth-custom-vpc"
          ]
        }
      ]
    },
    {
      "module": "module.network-load-balancer",
      "mode": "managed",
      "type": "aws_alb_listener",
      "name": "tf-nlb-listener",
      "provider": "provider[\"registry.terraform.io/hashicorp/aws\"]",
      "instances": [
        {
          "schema_version": 0,
          "attributes": {
            "alpn_policy": null,
            "arn": "arn:aws:elasticloadbalancing:eu-central-1:921505847988:listener/net/tf-network-load-balancer/303bb53ae0e28b97/e790bdc2de4f7a1c",
            "certificate_arn": null,
            "default_action": [
              {
                "authenticate_cognito": [],
                "authenticate_oidc": [],
                "fixed_response": [],
                "forward": [],
                "order": 1,
                "redirect": [],
                "target_group_arn": "arn:aws:elasticloadbalancing:eu-central-1:921505847988:targetgroup/tf-target-group/a3323205003cd386",
                "type": "forward"
              }
            ],
            "id": "arn:aws:elasticloadbalancing:eu-central-1:921505847988:listener/net/tf-network-load-balancer/303bb53ae0e28b97/e790bdc2de4f7a1c",
            "load_balancer_arn": "arn:aws:elasticloadbalancing:eu-central-1:921505847988:loadbalancer/net/tf-network-load-balancer/303bb53ae0e28b97",
            "mutual_authentication": [],
            "port": 8080,
            "protocol": "TCP",
            "ssl_policy": "",
            "tags": {},
            "tags_all": {},
            "timeouts": null
          },
          "sensitive_attributes": [],
          "private": "eyJlMmJmYjczMC1lY2FhLTExZTYtOGY4OC0zNDM2M2JjN2M0YzAiOnsiY3JlYXRlIjozMDAwMDAwMDAwMDAsInVwZGF0ZSI6MzAwMDAwMDAwMDAwfX0=",
          "dependencies": [
            "module.network-load-balancer.aws_lb.tf-network-load-balancer",
            "module.target-group.aws_alb_target_group.tf-target-group",
            "module.vpc.aws_subnet.tf-public-subnet-1",
            "module.vpc.aws_subnet.tf-public_subnet_2",
            "module.vpc.aws_vpc.tf-fourth-custom-vpc"
          ]
        }
      ]
    },
    {
      "module": "module.network-load-balancer",
      "mode": "managed",
      "type": "aws_lb",
      "name": "tf-network-load-balancer",
      "provider": "provider[\"registry.terraform.io/hashicorp/aws\"]",
      "instances": [
        {
          "schema_version": 0,
          "attributes": {
            "access_logs": [
              {
                "bucket": "",
                "enabled": false,
                "prefix": ""
              }
            ],
            "arn": "arn:aws:elasticloadbalancing:eu-central-1:921505847988:loadbalancer/net/tf-network-load-balancer/303bb53ae0e28b97",
            "arn_suffix": "net/tf-network-load-balancer/303bb53ae0e28b97",
            "client_keep_alive": null,
            "connection_logs": [],
            "customer_owned_ipv4_pool": "",
            "desync_mitigation_mode": null,
            "dns_name": "tf-network-load-balancer-303bb53ae0e28b97.elb.eu-central-1.amazonaws.com",
            "dns_record_client_routing_policy": "any_availability_zone",
            "drop_invalid_header_fields": null,
            "enable_cross_zone_load_balancing": false,
            "enable_deletion_protection": false,
            "enable_http2": null,
            "enable_tls_version_and_cipher_suite_headers": null,
            "enable_waf_fail_open": null,
            "enable_xff_client_port": null,
            "enforce_security_group_inbound_rules_on_private_link_traffic": "",
            "id": "arn:aws:elasticloadbalancing:eu-central-1:921505847988:loadbalancer/net/tf-network-load-balancer/303bb53ae0e28b97",
            "idle_timeout": null,
            "internal": false,
            "ip_address_type": "ipv4",
            "load_balancer_type": "network",
            "name": "tf-network-load-balancer",
            "name_prefix": "",
            "preserve_host_header": null,
            "security_groups": [],
            "subnet_mapping": [
              {
                "allocation_id": "",
                "ipv6_address": "",
                "outpost_id": "",
                "private_ipv4_address": "",
                "subnet_id": "subnet-06aa7818365e29cb8"
              },
              {
                "allocation_id": "",
                "ipv6_address": "",
                "outpost_id": "",
                "private_ipv4_address": "",
                "subnet_id": "subnet-0eb4e6cd3c61b3d5a"
              }
            ],
            "subnets": [
              "subnet-06aa7818365e29cb8",
              "subnet-0eb4e6cd3c61b3d5a"
            ],
            "tags": {},
            "tags_all": {},
            "timeouts": null,
            "vpc_id": "vpc-0acd24e342df088e9",
            "xff_header_processing_mode": null,
            "zone_id": "Z3F0SRJ5LGBH90"
          },
          "sensitive_attributes": [],
          "private": "eyJlMmJmYjczMC1lY2FhLTExZTYtOGY4OC0zNDM2M2JjN2M0YzAiOnsiY3JlYXRlIjo2MDAwMDAwMDAwMDAsImRlbGV0ZSI6NjAwMDAwMDAwMDAwLCJ1cGRhdGUiOjYwMDAwMDAwMDAwMH19",
          "dependencies": [
            "module.vpc.aws_subnet.tf-public-subnet-1",
            "module.vpc.aws_subnet.tf-public_subnet_2",
            "module.vpc.aws_vpc.tf-fourth-custom-vpc"
          ]
        }
      ]
    },
    {
      "module": "module.security-group",
      "mode": "managed",
      "type": "aws_security_group",
      "name": "tf-sg-web_allows_8080",
      "provider": "provider[\"registry.terraform.io/hashicorp/aws\"]",
      "instances": [
        {
          "schema_version": 1,
          "attributes": {
            "arn": "arn:aws:ec2:eu-central-1:921505847988:security-group/sg-01370de988c4e6e22",
            "description": "Allows access to port 8080",
            "egress": [
              {
                "cidr_blocks": [
                  "0.0.0.0/0"
                ],
                "description": "",
                "from_port": 0,
                "ipv6_cidr_blocks": [],
                "prefix_list_ids": [],
                "protocol": "-1",
                "security_groups": [],
                "self": false,
                "to_port": 0
              }
            ],
            "id": "sg-01370de988c4e6e22",
            "ingress": [
              {
                "cidr_blocks": [
                  "0.0.0.0/0"
                ],
                "description": "",
                "from_port": 8080,
                "ipv6_cidr_blocks": [],
                "prefix_list_ids": [],
                "protocol": "tcp",
                "security_groups": [],
                "self": false,
                "to_port": 8080
              }
            ],
            "name": "tf-allows-8080",
            "name_prefix": "",
            "owner_id": "921505847988",
            "revoke_rules_on_delete": false,
            "tags": {},
            "tags_all": {},
            "timeouts": null,
            "vpc_id": "vpc-0acd24e342df088e9"
          },
          "sensitive_attributes": [],
          "private": "eyJlMmJmYjczMC1lY2FhLTExZTYtOGY4OC0zNDM2M2JjN2M0YzAiOnsiY3JlYXRlIjo2MDAwMDAwMDAwMDAsImRlbGV0ZSI6OTAwMDAwMDAwMDAwfSwic2NoZW1hX3ZlcnNpb24iOiIxIn0=",
          "dependencies": [
            "module.vpc.aws_vpc.tf-fourth-custom-vpc"
          ]
        }
      ]
    },
    {
      "module": "module.target-group",
      "mode": "managed",
      "type": "aws_alb_target_group",
      "name": "tf-target-group",
      "provider": "provider[\"registry.terraform.io/hashicorp/aws\"]",
      "instances": [
        {
          "schema_version": 0,
          "attributes": {
            "arn": "arn:aws:elasticloadbalancing:eu-central-1:921505847988:targetgroup/tf-target-group/a3323205003cd386",
            "arn_suffix": "targetgroup/tf-target-group/a3323205003cd386",
            "connection_termination": false,
            "deregistration_delay": "300",
            "health_check": [
              {
                "enabled": true,
                "healthy_threshold": 3,
                "interval": 30,
                "matcher": "",
                "path": "",
                "port": "8080",
                "protocol": "TCP",
                "timeout": 10,
                "unhealthy_threshold": 3
              }
            ],
            "id": "arn:aws:elasticloadbalancing:eu-central-1:921505847988:targetgroup/tf-target-group/a3323205003cd386",
            "ip_address_type": "ipv4",
            "lambda_multi_value_headers_enabled": false,
            "load_balancer_arns": [
              "arn:aws:elasticloadbalancing:eu-central-1:921505847988:loadbalancer/net/tf-network-load-balancer/303bb53ae0e28b97"
            ],
            "load_balancing_algorithm_type": null,
            "load_balancing_anomaly_mitigation": null,
            "load_balancing_cross_zone_enabled": "use_load_balancer_configuration",
            "name": "tf-target-group",
            "name_prefix": "",
            "port": 8080,
            "preserve_client_ip": "true",
            "protocol": "TCP",
            "protocol_version": null,
            "proxy_protocol_v2": false,
            "slow_start": 0,
            "stickiness": [
              {
                "cookie_duration": 0,
                "cookie_name": "",
                "enabled": false,
                "type": "source_ip"
              }
            ],
            "tags": {},
            "tags_all": {},
            "target_failover": [
              {
                "on_deregistration": null,
                "on_unhealthy": null
              }
            ],
            "target_health_state": [
              {
                "enable_unhealthy_connection_termination": true
              }
            ],
            "target_type": "instance",
            "vpc_id": "vpc-0acd24e342df088e9"
          },
          "sensitive_attributes": [],
          "private": "bnVsbA==",
          "dependencies": [
            "module.vpc.aws_vpc.tf-fourth-custom-vpc"
          ]
        }
      ]
    },
    {
      "module": "module.vpc",
      "mode": "managed",
      "type": "aws_internet_gateway",
      "name": "tf-internet-gateway",
      "provider": "provider[\"registry.terraform.io/hashicorp/aws\"]",
      "instances": [
        {
          "schema_version": 0,
          "attributes": {
            "arn": "arn:aws:ec2:eu-central-1:921505847988:internet-gateway/igw-0d6cd4605ffa9ed62",
            "id": "igw-0d6cd4605ffa9ed62",
            "owner_id": "921505847988",
            "tags": {
              "Name": "tf-internet-gateway"
            },
            "tags_all": {
              "Name": "tf-internet-gateway"
            },
            "timeouts": null,
            "vpc_id": "vpc-0acd24e342df088e9"
          },
          "sensitive_attributes": [],
          "private": "eyJlMmJmYjczMC1lY2FhLTExZTYtOGY4OC0zNDM2M2JjN2M0YzAiOnsiY3JlYXRlIjoxMjAwMDAwMDAwMDAwLCJkZWxldGUiOjEyMDAwMDAwMDAwMDAsInVwZGF0ZSI6MTIwMDAwMDAwMDAwMH19",
          "dependencies": [
            "module.vpc.aws_vpc.tf-fourth-custom-vpc"
          ]
        }
      ]
    },
    {
      "module": "module.vpc",
      "mode": "managed",
      "type": "aws_subnet",
      "name": "tf-public-subnet-1",
      "provider": "provider[\"registry.terraform.io/hashicorp/aws\"]",
      "instances": [
        {
          "schema_version": 1,
          "attributes": {
            "arn": "arn:aws:ec2:eu-central-1:921505847988:subnet/subnet-06aa7818365e29cb8",
            "assign_ipv6_address_on_creation": false,
            "availability_zone": "eu-central-1a",
            "availability_zone_id": "euc1-az2",
            "cidr_block": "10.0.1.0/24",
            "customer_owned_ipv4_pool": "",
            "enable_dns64": false,
            "enable_lni_at_device_index": 0,
            "enable_resource_name_dns_a_record_on_launch": false,
            "enable_resource_name_dns_aaaa_record_on_launch": false,
            "id": "subnet-06aa7818365e29cb8",
            "ipv6_cidr_block": "",
            "ipv6_cidr_block_association_id": "",
            "ipv6_native": false,
            "map_customer_owned_ip_on_launch": false,
            "map_public_ip_on_launch": true,
            "outpost_arn": "",
            "owner_id": "921505847988",
            "private_dns_hostname_type_on_launch": "ip-name",
            "tags": {
              "Name": "Tf-public-subnet-1"
            },
            "tags_all": {
              "Name": "Tf-public-subnet-1"
            },
            "timeouts": null,
            "vpc_id": "vpc-0acd24e342df088e9"
          },
          "sensitive_attributes": [],
          "private": "eyJlMmJmYjczMC1lY2FhLTExZTYtOGY4OC0zNDM2M2JjN2M0YzAiOnsiY3JlYXRlIjo2MDAwMDAwMDAwMDAsImRlbGV0ZSI6MTIwMDAwMDAwMDAwMH0sInNjaGVtYV92ZXJzaW9uIjoiMSJ9",
          "dependencies": [
            "module.vpc.aws_vpc.tf-fourth-custom-vpc"
          ]
        }
      ]
    },
    {
      "module": "module.vpc",
      "mode": "managed",
      "type": "aws_subnet",
      "name": "tf-public_subnet_2",
      "provider": "provider[\"registry.terraform.io/hashicorp/aws\"]",
      "instances": [
        {
          "schema_version": 1,
          "attributes": {
            "arn": "arn:aws:ec2:eu-central-1:921505847988:subnet/subnet-0eb4e6cd3c61b3d5a",
            "assign_ipv6_address_on_creation": false,
            "availability_zone": "eu-central-1b",
            "availability_zone_id": "euc1-az3",
            "cidr_block": "10.0.2.0/24",
            "customer_owned_ipv4_pool": "",
            "enable_dns64": false,
            "enable_lni_at_device_index": 0,
            "enable_resource_name_dns_a_record_on_launch": false,
            "enable_resource_name_dns_aaaa_record_on_launch": false,
            "id": "subnet-0eb4e6cd3c61b3d5a",
            "ipv6_cidr_block": "",
            "ipv6_cidr_block_association_id": "",
            "ipv6_native": false,
            "map_customer_owned_ip_on_launch": false,
            "map_public_ip_on_launch": true,
            "outpost_arn": "",
            "owner_id": "921505847988",
            "private_dns_hostname_type_on_launch": "ip-name",
            "tags": {
              "Name": "Tf-public-subnet-1"
            },
            "tags_all": {
              "Name": "Tf-public-subnet-1"
            },
            "timeouts": null,
            "vpc_id": "vpc-0acd24e342df088e9"
          },
          "sensitive_attributes": [],
          "private": "eyJlMmJmYjczMC1lY2FhLTExZTYtOGY4OC0zNDM2M2JjN2M0YzAiOnsiY3JlYXRlIjo2MDAwMDAwMDAwMDAsImRlbGV0ZSI6MTIwMDAwMDAwMDAwMH0sInNjaGVtYV92ZXJzaW9uIjoiMSJ9",
          "dependencies": [
            "module.vpc.aws_vpc.tf-fourth-custom-vpc"
          ]
        }
      ]
    },
    {
      "module": "module.vpc",
      "mode": "managed",
      "type": "aws_vpc",
      "name": "tf-fourth-custom-vpc",
      "provider": "provider[\"registry.terraform.io/hashicorp/aws\"]",
      "instances": [
        {
          "schema_version": 1,
          "attributes": {
            "arn": "arn:aws:ec2:eu-central-1:921505847988:vpc/vpc-0acd24e342df088e9",
            "assign_generated_ipv6_cidr_block": false,
            "cidr_block": "10.0.0.0/16",
            "default_network_acl_id": "acl-0261e94f748781159",
            "default_route_table_id": "rtb-0a461225bc15bbfc9",
            "default_security_group_id": "sg-06f93b7ce958b2073",
            "dhcp_options_id": "dopt-0e0fb281303d70d2a",
            "enable_dns_hostnames": true,
            "enable_dns_support": true,
            "enable_network_address_usage_metrics": false,
            "id": "vpc-0acd24e342df088e9",
            "instance_tenancy": "default",
            "ipv4_ipam_pool_id": null,
            "ipv4_netmask_length": null,
            "ipv6_association_id": "",
            "ipv6_cidr_block": "",
            "ipv6_cidr_block_network_border_group": "",
            "ipv6_ipam_pool_id": "",
            "ipv6_netmask_length": 0,
            "main_route_table_id": "rtb-0a461225bc15bbfc9",
            "owner_id": "921505847988",
            "tags": {
              "Name": "tf-fourth-custom-vpc"
            },
            "tags_all": {
              "Name": "tf-fourth-custom-vpc"
            }
          },
          "sensitive_attributes": [],
          "private": "eyJzY2hlbWFfdmVyc2lvbiI6IjEifQ=="
        }
      ]
    }
  ],
  "check_results": []
}
